# Generated by pub
# See https://dart.dev/tools/pub/glossary#lockfile
packages:
  async:
    dependency: transitive
    description:
      name: async
      sha256: "947bfcf187f74dbc5e146c9eb9c0f10c9f8b30743e341481c1e2ed3ecc18c20c"
      url: "https://pub.dev"
    source: hosted
    version: "2.11.0"
  boolean_selector:
    dependency: transitive
    description:
      name: boolean_selector
      sha256: "6cfb5af12253eaf2b368f07bacc5a80d1301a071c73360d746b7f2e32d762c66"
      url: "https://pub.dev"
    source: hosted
    version: "2.1.1"
  carousel_slider:
    dependency: "direct main"
    description:
      name: carousel_slider
      sha256: "7b006ec356205054af5beaef62e2221160ea36b90fb70a35e4deacd49d0349ae"
      url: "https://pub.dev"
    source: hosted
    version: "5.0.0"
  characters:
    dependency: transitive
    description:
      name: characters
      sha256: "04a925763edad70e8443c99234dc3328f442e811f1d8fd1a72f1c8ad0f69a605"
      url: "https://pub.dev"
    source: hosted
    version: "1.3.0"
  clock:
    dependency: transitive
    description:
      name: clock
      sha256: cb6d7f03e1de671e34607e909a7213e31d7752be4fb66a86d29fe1eb14bfb5cf
      url: "https://pub.dev"
    source: hosted
    version: "1.1.1"
  collection:
    dependency: transitive
    description:
      name: collection
      sha256: a1ace0a119f20aabc852d165077c036cd864315bd99b7eaa10a60100341941bf
      url: "https://pub.dev"
    source: hosted
    version: "1.19.0"
  csslib:
    dependency: transitive
    description:
      name: csslib
      sha256: "09bad715f418841f976c77db72d5398dc1253c21fb9c0c7f0b0b985860b2d58e"
      url: "https://pub.dev"
    source: hosted
    version: "1.0.2"
  cupertino_icons:
    dependency: "direct main"
    description:
      name: cupertino_icons
      sha256: ba631d1c7f7bef6b729a622b7b752645a2d076dba9976925b8f25725a30e1ee6
      url: "https://pub.dev"
    source: hosted
    version: "1.0.8"
  easy_refresh:
    dependency: "direct main"
    description:
      name: easy_refresh
      sha256: "486e30abfcaae66c0f2c2798a10de2298eb9dc5e0bb7e1dba9328308968cae0c"
      url: "https://pub.dev"
    source: hosted
    version: "3.4.0"
  extended_list:
    dependency: transitive
    description:
      name: extended_list
      sha256: fa7bcb2645b7d6849918d499fda6ea917cda85e43b2e06dfec2a29b649722974
      url: "https://pub.dev"
    source: hosted
    version: "3.0.2"
  extended_list_library:
    dependency: transitive
    description:
      name: extended_list_library
      sha256: cb424a04464e89bd6737f9ae025029bd8e913c7bf37101ad10c2defe0238d842
      url: "https://pub.dev"
    source: hosted
    version: "3.0.0"
  fake_async:
    dependency: transitive
    description:
      name: fake_async
      sha256: "511392330127add0b769b75a987850d136345d9227c6b94c96a04cf4a391bf78"
      url: "https://pub.dev"
    source: hosted
    version: "1.3.1"
  flutter:
    dependency: "direct main"
    description: flutter
    source: sdk
    version: "0.0.0"
  flutter_lints:
    dependency: "direct dev"
    description:
      name: flutter_lints
      sha256: b543301ad291598523947dc534aaddc5aaad597b709d2426d3a0e0d44c5cb493
      url: "https://pub.dev"
    source: hosted
    version: "1.0.4"
  flutter_sticky_header:
    dependency: "direct main"
    description:
      name: flutter_sticky_header
      sha256: "017f398fbb45a589e01491861ca20eb6570a763fd9f3888165a978e11248c709"
      url: "https://pub.dev"
    source: hosted
    version: "0.6.5"
  flutter_test:
    dependency: "direct dev"
    description: flutter
    source: sdk
    version: "0.0.0"
  flutter_web_plugins:
    dependency: transitive
    description: flutter
    source: sdk
    version: "0.0.0"
  html:
    dependency: transitive
    description:
      name: html
      sha256: "1fc58edeaec4307368c60d59b7e15b9d658b57d7f3125098b6294153c75337ec"
      url: "https://pub.dev"
    source: hosted
    version: "0.15.5"
  leak_tracker:
    dependency: transitive
    description:
      name: leak_tracker
      sha256: "7bb2830ebd849694d1ec25bf1f44582d6ac531a57a365a803a6034ff751d2d06"
      url: "https://pub.dev"
    source: hosted
    version: "10.0.7"
  leak_tracker_flutter_testing:
    dependency: transitive
    description:
      name: leak_tracker_flutter_testing
      sha256: "9491a714cca3667b60b5c420da8217e6de0d1ba7a5ec322fab01758f6998f379"
      url: "https://pub.dev"
    source: hosted
    version: "3.0.8"
  leak_tracker_testing:
    dependency: transitive
    description:
      name: leak_tracker_testing
      sha256: "6ba465d5d76e67ddf503e1161d1f4a6bc42306f9d66ca1e8f079a47290fb06d3"
      url: "https://pub.dev"
    source: hosted
    version: "3.0.1"
  lints:
    dependency: transitive
    description:
      name: lints
      sha256: a2c3d198cb5ea2e179926622d433331d8b58374ab8f29cdda6e863bd62fd369c
      url: "https://pub.dev"
    source: hosted
    version: "1.0.1"
  loading_more_list:
    dependency: "direct main"
    description:
      name: loading_more_list
      sha256: aa680edc81cf024c394dccfa7ba1db701a5efb23ec1b8c657308428ce9da11d1
      url: "https://pub.dev"
    source: hosted
    version: "5.0.3"
  loading_more_list_library:
    dependency: transitive
    description:
      name: loading_more_list_library
      sha256: "31348925a98748ffe04f661e4b47df37103fabad39442064fcf59148a5fee2dd"
      url: "https://pub.dev"
    source: hosted
    version: "2.0.1"
  matcher:
    dependency: transitive
    description:
      name: matcher
      sha256: d2323aa2060500f906aa31a895b4030b6da3ebdcc5619d14ce1aada65cd161cb
      url: "https://pub.dev"
    source: hosted
    version: "0.12.16+1"
  material_color_utilities:
    dependency: transitive
    description:
      name: material_color_utilities
      sha256: f7142bb1154231d7ea5f96bc7bde4bda2a0945d2806bb11670e30b850d56bdec
      url: "https://pub.dev"
    source: hosted
    version: "0.11.1"
  meta:
    dependency: transitive
    description:
      name: meta
      sha256: bdb68674043280c3428e9ec998512fb681678676b3c54e773629ffe74419f8c7
      url: "https://pub.dev"
    source: hosted
    version: "1.15.0"
  path:
    dependency: transitive
    description:
      name: path
      sha256: "087ce49c3f0dc39180befefc60fdb4acd8f8620e5682fe2476afd0b3688bb4af"
      url: "https://pub.dev"
    source: hosted
    version: "1.9.0"
  path_drawing:
    dependency: transitive
    description:
      name: path_drawing
      sha256: bbb1934c0cbb03091af082a6389ca2080345291ef07a5fa6d6e078ba8682f977
      url: "https://pub.dev"
    source: hosted
    version: "1.0.1"
  path_parsing:
    dependency: transitive
    description:
      name: path_parsing
      sha256: "883402936929eac138ee0a45da5b0f2c80f89913e6dc3bf77eb65b84b409c6ca"
      url: "https://pub.dev"
    source: hosted
    version: "1.1.0"
  plugin_platform_interface:
    dependency: transitive
    description:
      name: plugin_platform_interface
      sha256: "4820fbfdb9478b1ebae27888254d445073732dae3d6ea81f0b7e06d5dedc3f02"
      url: "https://pub.dev"
    source: hosted
    version: "2.1.8"
  scrollview_observer:
    dependency: "direct main"
    description:
      path: ".."
      relative: true
    source: path
    version: "1.24.0"
  sky_engine:
    dependency: transitive
    description: flutter
    source: sdk
    version: "0.0.0"
  source_span:
    dependency: transitive
    description:
      name: source_span
      sha256: "53e943d4206a5e30df338fd4c6e7a077e02254531b138a15aec3bd143c1a8b3c"
      url: "https://pub.dev"
    source: hosted
    version: "1.10.0"
  stack_trace:
    dependency: transitive
    description:
      name: stack_trace
      sha256: "9f47fd3630d76be3ab26f0ee06d213679aa425996925ff3feffdec504931c377"
      url: "https://pub.dev"
    source: hosted
    version: "1.12.0"
  stream_channel:
    dependency: transitive
    description:
      name: stream_channel
      sha256: ba2aa5d8cc609d96bbb2899c28934f9e1af5cddbd60a827822ea467161eb54e7
      url: "https://pub.dev"
    source: hosted
    version: "2.1.2"
  string_scanner:
    dependency: transitive
    description:
      name: string_scanner
      sha256: "688af5ed3402a4bde5b3a6c15fd768dbf2621a614950b17f04626c431ab3c4c3"
      url: "https://pub.dev"
    source: hosted
    version: "1.3.0"
  term_glyph:
    dependency: transitive
    description:
      name: term_glyph
      sha256: a29248a84fbb7c79282b40b8c72a1209db169a2e0542bce341da992fe1bc7e84
      url: "https://pub.dev"
    source: hosted
    version: "1.2.1"
  test_api:
    dependency: transitive
    description:
      name: test_api
      sha256: "664d3a9a64782fcdeb83ce9c6b39e78fd2971d4e37827b9b06c3aa1edc5e760c"
      url: "https://pub.dev"
    source: hosted
    version: "0.7.3"
  tuple:
    dependency: "direct main"
    description:
      name: tuple
      sha256: a97ce2013f240b2f3807bcbaf218765b6f301c3eff91092bcfa23a039e7dd151
      url: "https://pub.dev"
    source: hosted
    version: "2.0.2"
  value_layout_builder:
    dependency: transitive
    description:
      name: value_layout_builder
      sha256: "98202ec1807e94ac72725b7f0d15027afde513c55c69ff3f41bcfccb950831bc"
      url: "https://pub.dev"
    source: hosted
    version: "0.3.1"
  vector_math:
    dependency: transitive
    description:
      name: vector_math
      sha256: "80b3257d1492ce4d091729e3a67a60407d227c27241d6927be0130c98e741803"
      url: "https://pub.dev"
    source: hosted
    version: "2.1.4"
  video_player:
    dependency: "direct main"
    description:
      name: video_player
      sha256: "4a8c3492d734f7c39c2588a3206707a05ee80cef52e8c7f3b2078d430c84bc17"
      url: "https://pub.dev"
    source: hosted
    version: "2.9.2"
  video_player_android:
    dependency: transitive
    description:
      name: video_player_android
      sha256: e343701aa890b74a863fa460f5c0e628127ed06a975d7d9af6b697133fb25bdf
      url: "https://pub.dev"
    source: hosted
    version: "2.7.1"
  video_player_avfoundation:
    dependency: transitive
    description:
      name: video_player_avfoundation
      sha256: "8a4e73a3faf2b13512978a43cf1cdda66feeeb900a0527f1fbfd7b19cf3458d3"
      url: "https://pub.dev"
    source: hosted
    version: "2.6.7"
  video_player_platform_interface:
    dependency: transitive
    description:
      name: video_player_platform_interface
      sha256: "229d7642ccd9f3dc4aba169609dd6b5f3f443bb4cc15b82f7785fcada5af9bbb"
      url: "https://pub.dev"
    source: hosted
    version: "6.2.3"
  video_player_web:
    dependency: transitive
    description:
      name: video_player_web
      sha256: "881b375a934d8ebf868c7fb1423b2bfaa393a0a265fa3f733079a86536064a10"
      url: "https://pub.dev"
    source: hosted
    version: "2.3.3"
  visibility_detector:
    dependency: "direct main"
    description:
      name: visibility_detector
      sha256: dd5cc11e13494f432d15939c3aa8ae76844c42b723398643ce9addb88a5ed420
      url: "https://pub.dev"
    source: hosted
    version: "0.4.0+2"
  vm_service:
    dependency: transitive
    description:
      name: vm_service
      sha256: f6be3ed8bd01289b34d679c2b62226f63c0e69f9fd2e50a6b3c1c729a961041b
      url: "https://pub.dev"
    source: hosted
    version: "14.3.0"
  waterfall_flow:
    dependency: "direct main"
    description:
      name: waterfall_flow
      sha256: "8932d290186ab81459d1bae4ee8583739c0f4cdf62d828e71da361a340584b36"
      url: "https://pub.dev"
    source: hosted
    version: "3.1.0"
  web:
    dependency: transitive
    description:
      name: web
      sha256: cd3543bd5798f6ad290ea73d210f423502e71900302dde696f8bff84bf89a1cb
      url: "https://pub.dev"
    source: hosted
    version: "1.1.0"
sdks:
  dart: ">=3.4.0 <4.0.0"
  flutter: ">=3.22.0"
